// !$*UTF8*$!
{
	archiveVersion = 1;
	classes = {
	};
	objectVersion = 50;
	objects = {

/* Begin PBXBuildFile section */
		A2F8565F65BFE15F8AF93051 /* Pods_VotingApp.framework in Frameworks */ = {isa = PBXBuildFile; fileRef = 7EAD31DC42DAFC44D7CCB15D /* Pods_VotingApp.framework */; };
		BD2D92B92689558400D57A0A /* LogInViewController.swift in Sources */ = {isa = PBXBuildFile; fileRef = BD2D92B82689558400D57A0A /* LogInViewController.swift */; };
		BD2D92BB26895D6E00D57A0A /* MainViewController.swift in Sources */ = {isa = PBXBuildFile; fileRef = BD2D92BA26895D6E00D57A0A /* MainViewController.swift */; };
		BD3F9CA4268983DB000B6DE3 /* GoogleService-Info.plist in Resources */ = {isa = PBXBuildFile; fileRef = BD3F9CA3268983DB000B6DE3 /* GoogleService-Info.plist */; };
		BDF6B81C268933C60034D274 /* AppDelegate.swift in Sources */ = {isa = PBXBuildFile; fileRef = BDF6B81B268933C60034D274 /* AppDelegate.swift */; };
		BDF6B81E268933C60034D274 /* SceneDelegate.swift in Sources */ = {isa = PBXBuildFile; fileRef = BDF6B81D268933C60034D274 /* SceneDelegate.swift */; };
		BDF6B820268933C60034D274 /* SignUpViewController.swift in Sources */ = {isa = PBXBuildFile; fileRef = BDF6B81F268933C60034D274 /* SignUpViewController.swift */; };
		BDF6B823268933C60034D274 /* Main.storyboard in Resources */ = {isa = PBXBuildFile; fileRef = BDF6B821268933C60034D274 /* Main.storyboard */; };
		BDF6B825268933C80034D274 /* Assets.xcassets in Resources */ = {isa = PBXBuildFile; fileRef = BDF6B824268933C80034D274 /* Assets.xcassets */; };
		BDF6B828268933C80034D274 /* LaunchScreen.storyboard in Resources */ = {isa = PBXBuildFile; fileRef = BDF6B826268933C80034D274 /* LaunchScreen.storyboard */; };
/* End PBXBuildFile section */

/* Begin PBXFileReference section */
		10A483D33C37249CAD1B53F9 /* Pods-VotingApp.release.xcconfig */ = {isa = PBXFileReference; includeInIndex = 1; lastKnownFileType = text.xcconfig; name = "Pods-VotingApp.release.xcconfig"; path = "Target Support Files/Pods-VotingApp/Pods-VotingApp.release.xcconfig"; sourceTree = "<group>"; };
		7EAD31DC42DAFC44D7CCB15D /* Pods_VotingApp.framework */ = {isa = PBXFileReference; explicitFileType = wrapper.framework; includeInIndex = 0; path = Pods_VotingApp.framework; sourceTree = BUILT_PRODUCTS_DIR; };
		8D742E0EAA0C8553F37F80AE /* Pods-VotingApp.debug.xcconfig */ = {isa = PBXFileReference; includeInIndex = 1; lastKnownFileType = text.xcconfig; name = "Pods-VotingApp.debug.xcconfig"; path = "Target Support Files/Pods-VotingApp/Pods-VotingApp.debug.xcconfig"; sourceTree = "<group>"; };
		BD2D92B82689558400D57A0A /* LogInViewController.swift */ = {isa = PBXFileReference; lastKnownFileType = sourcecode.swift; path = LogInViewController.swift; sourceTree = "<group>"; };
		BD2D92BA26895D6E00D57A0A /* MainViewController.swift */ = {isa = PBXFileReference; lastKnownFileType = sourcecode.swift; path = MainViewController.swift; sourceTree = "<group>"; };
		BD3F9CA3268983DB000B6DE3 /* GoogleService-Info.plist */ = {isa = PBXFileReference; fileEncoding = 4; lastKnownFileType = text.plist.xml; path = "GoogleService-Info.plist"; sourceTree = "<group>"; };
		BDF6B818268933C60034D274 /* VotingApp.app */ = {isa = PBXFileReference; explicitFileType = wrapper.application; includeInIndex = 0; path = VotingApp.app; sourceTree = BUILT_PRODUCTS_DIR; };
		BDF6B81B268933C60034D274 /* AppDelegate.swift */ = {isa = PBXFileReference; lastKnownFileType = sourcecode.swift; path = AppDelegate.swift; sourceTree = "<group>"; };
		BDF6B81D268933C60034D274 /* SceneDelegate.swift */ = {isa = PBXFileReference; lastKnownFileType = sourcecode.swift; path = SceneDelegate.swift; sourceTree = "<group>"; };
		BDF6B81F268933C60034D274 /* SignUpViewController.swift */ = {isa = PBXFileReference; lastKnownFileType = sourcecode.swift; path = SignUpViewController.swift; sourceTree = "<group>"; };
		BDF6B822268933C60034D274 /* Base */ = {isa = PBXFileReference; lastKnownFileType = file.storyboard; name = Base; path = Base.lproj/Main.storyboard; sourceTree = "<group>"; };
		BDF6B824268933C80034D274 /* Assets.xcassets */ = {isa = PBXFileReference; lastKnownFileType = folder.assetcatalog; path = Assets.xcassets; sourceTree = "<group>"; };
		BDF6B827268933C80034D274 /* Base */ = {isa = PBXFileReference; lastKnownFileType = file.storyboard; name = Base; path = Base.lproj/LaunchScreen.storyboard; sourceTree = "<group>"; };
		BDF6B829268933C80034D274 /* Info.plist */ = {isa = PBXFileReference; lastKnownFileType = text.plist.xml; path = Info.plist; sourceTree = "<group>"; };
/* End PBXFileReference section */

/* Begin PBXFrameworksBuildPhase section */
		BDF6B815268933C60034D274 /* Frameworks */ = {
			isa = PBXFrameworksBuildPhase;
			buildActionMask = 2147483647;
			files = (
				A2F8565F65BFE15F8AF93051 /* Pods_VotingApp.framework in Frameworks */,
			);
			runOnlyForDeploymentPostprocessing = 0;
		};
/* End PBXFrameworksBuildPhase section */

/* Begin PBXGroup section */
		4871254A8F678D86F552CF6C /* Pods */ = {
			isa = PBXGroup;
			children = (
				8D742E0EAA0C8553F37F80AE /* Pods-VotingApp.debug.xcconfig */,
				10A483D33C37249CAD1B53F9 /* Pods-VotingApp.release.xcconfig */,
			);
			name = Pods;
			path = Pods;
			sourceTree = "<group>";
		};
		68986D3FCC68E9B16A06ED34 /* Frameworks */ = {
			isa = PBXGroup;
			children = (
				7EAD31DC42DAFC44D7CCB15D /* Pods_VotingApp.framework */,
			);
			name = Frameworks;
			sourceTree = "<group>";
		};
		BDF6B80F268933C60034D274 = {
			isa = PBXGroup;
			children = (
				BDF6B81A268933C60034D274 /* VotingApp */,
				BDF6B819268933C60034D274 /* Products */,
				4871254A8F678D86F552CF6C /* Pods */,
				68986D3FCC68E9B16A06ED34 /* Frameworks */,
			);
			sourceTree = "<group>";
		};
		BDF6B819268933C60034D274 /* Products */ = {
			isa = PBXGroup;
			children = (
				BDF6B818268933C60034D274 /* VotingApp.app */,
			);
			name = Products;
			sourceTree = "<group>";
		};
		BDF6B81A268933C60034D274 /* VotingApp */ = {
			isa = PBXGroup;
			children = (
				BDF6B81B268933C60034D274 /* AppDelegate.swift */,
				BD3F9CA3268983DB000B6DE3 /* GoogleService-Info.plist */,
				BDF6B81D268933C60034D274 /* SceneDelegate.swift */,
				BDF6B81F268933C60034D274 /* SignUpViewController.swift */,
				BDF6B821268933C60034D274 /* Main.storyboard */,
				BDF6B824268933C80034D274 /* Assets.xcassets */,
				BDF6B826268933C80034D274 /* LaunchScreen.storyboard */,
				BDF6B829268933C80034D274 /* Info.plist */,
				BD2D92B82689558400D57A0A /* LogInViewController.swift */,
				BD2D92BA26895D6E00D57A0A /* MainViewController.swift */,
			);
			path = VotingApp;
			sourceTree = "<group>";
		};
/* End PBXGroup section */

/* Begin PBXNativeTarget section */
		BDF6B817268933C60034D274 /* VotingApp */ = {
			isa = PBXNativeTarget;
			buildConfigurationList = BDF6B82C268933C80034D274 /* Build configuration list for PBXNativeTarget "VotingApp" */;
			buildPhases = (
				F5437A9A7E64ACF12A7E2C3D /* [CP] Check Pods Manifest.lock */,
				BDF6B814268933C60034D274 /* Sources */,
				BDF6B815268933C60034D274 /* Frameworks */,
				BDF6B816268933C60034D274 /* Resources */,
				74DCDEC0DD657B9E884B3D49 /* [CP] Embed Pods Frameworks */,
			);
			buildRules = (
			);
			dependencies = (
			);
			name = VotingApp;
			productName = VotingApp;
			productReference = BDF6B818268933C60034D274 /* VotingApp.app */;
			productType = "com.apple.product-type.application";
		};
/* End PBXNativeTarget section */

/* Begin PBXProject section */
		BDF6B810268933C60034D274 /* Project object */ = {
			isa = PBXProject;
			attributes = {
				LastSwiftUpdateCheck = 1250;
				LastUpgradeCheck = 1250;
				TargetAttributes = {
					BDF6B817268933C60034D274 = {
						CreatedOnToolsVersion = 12.5.1;
					};
				};
			};
			buildConfigurationList = BDF6B813268933C60034D274 /* Build configuration list for PBXProject "VotingApp" */;
			compatibilityVersion = "Xcode 9.3";
			developmentRegion = en;
			hasScannedForEncodings = 0;
			knownRegions = (
				en,
				Base,
			);
			mainGroup = BDF6B80F268933C60034D274;
			productRefGroup = BDF6B819268933C60034D274 /* Products */;
			projectDirPath = "";
			projectRoot = "";
			targets = (
				BDF6B817268933C60034D274 /* VotingApp */,
			);
		};
/* End PBXProject section */

/* Begin PBXResourcesBuildPhase section */
		BDF6B816268933C60034D274 /* Resources */ = {
			isa = PBXResourcesBuildPhase;
			buildActionMask = 2147483647;
			files = (
				BDF6B828268933C80034D274 /* LaunchScreen.storyboard in Resources */,
				BD3F9CA4268983DB000B6DE3 /* GoogleService-Info.plist in Resources */,
				BDF6B825268933C80034D274 /* Assets.xcassets in Resources */,
				BDF6B823268933C60034D274 /* Main.storyboard in Resources */,
			);
			runOnlyForDeploymentPostprocessing = 0;
		};
/* End PBXResourcesBuildPhase section */

/* Begin PBXShellScriptBuildPhase section */
		74DCDEC0DD657B9E884B3D49 /* [CP] Embed Pods Frameworks */ = {
			isa = PBXShellScriptBuildPhase;
			buildActionMask = 2147483647;
			files = (
			);
			inputFileListPaths = (
				"${PODS_ROOT}/Target Support Files/Pods-VotingApp/Pods-VotingApp-frameworks-${CONFIGURATION}-input-files.xcfilelist",
			);
			name = "[CP] Embed Pods Frameworks";
			outputFileListPaths = (
				"${PODS_ROOT}/Target Support Files/Pods-VotingApp/Pods-VotingApp-frameworks-${CONFIGURATION}-output-files.xcfilelist",
			);
			runOnlyForDeploymentPostprocessing = 0;
			shellPath = /bin/sh;
			shellScript = "\"${PODS_ROOT}/Target Support Files/Pods-VotingApp/Pods-VotingApp-frameworks.sh\"\n";
			showEnvVarsInLog = 0;
		};
		F5437A9A7E64ACF12A7E2C3D /* [CP] Check Pods Manifest.lock */ = {
			isa = PBXShellScriptBuildPhase;
			buildActionMask = 2147483647;
			files = (
			);
			inputFileListPaths = (
			);
			inputPaths = (
				"${PODS_PODFILE_DIR_PATH}/Podfile.lock",
				"${PODS_ROOT}/Manifest.lock",
			);
			name = "[CP] Check Pods Manifest.lock";
			outputFileListPaths = (
			);
			outputPaths = (
				"$(DERIVED_FILE_DIR)/Pods-VotingApp-checkManifestLockResult.txt",
			);
			runOnlyForDeploymentPostprocessing = 0;
			shellPath = /bin/sh;
			shellScript = "diff \"${PODS_PODFILE_DIR_PATH}/Podfile.lock\" \"${PODS_ROOT}/Manifest.lock\" > /dev/null\nif [ $? != 0 ] ; then\n    # print error to STDERR\n    echo \"error: The sandbox is not in sync with the Podfile.lock. Run 'pod install' or update your CocoaPods installation.\" >&2\n    exit 1\nfi\n# This output is used by Xcode 'outputs' to avoid re-running this script phase.\necho \"SUCCESS\" > \"${SCRIPT_OUTPUT_FILE_0}\"\n";
			showEnvVarsInLog = 0;
		};
/* End PBXShellScriptBuildPhase section */

/* Begin PBXSourcesBuildPhase section */
		BDF6B814268933C60034D274 /* Sources */ = {
			isa = PBXSourcesBuildPhase;
			buildActionMask = 2147483647;
			files = (
				BD2D92B92689558400D57A0A /* LogInViewController.swift in Sources */,
				BDF6B820268933C60034D274 /* SignUpViewController.swift in Sources */,
				BDF6B81C268933C60034D274 /* AppDelegate.swift in Sources */,
				BDF6B81E268933C60034D274 /* SceneDelegate.swift in Sources */,
				BD2D92BB26895D6E00D57A0A /* MainViewController.swift in Sources */,
			);
			runOnlyForDeploymentPostprocessing = 0;
		};
/* End PBXSourcesBuildPhase section */

/* Begin PBXVariantGroup section */
		BDF6B821268933C60034D274 /* Main.storyboard */ = {
			isa = PBXVariantGroup;
			children = (
				BDF6B822268933C60034D274 /* Base */,
			);
			name = Main.storyboard;
			sourceTree = "<group>";
		};
		BDF6B826268933C80034D274 /* LaunchScreen.storyboard */ = {
			isa = PBXVariantGroup;
			children = (
				BDF6B827268933C80034D274 /* Base */,
			);
			name = LaunchScreen.storyboard;
			sourceTree = "<group>";
		};
/* End PBXVariantGroup section */

/* Begin XCBuildConfiguration section */
		BDF6B82A268933C80034D274 /* Debug */ = {
			isa = XCBuildConfiguration;
			buildSettings = {
				ALWAYS_SEARCH_USER_PATHS = NO;
				CLANG_ANALYZER_NONNULL = YES;
				CLANG_ANALYZER_NUMBER_OBJECT_CONVERSION = YES_AGGRESSIVE;
				CLANG_CXX_LANGUAGE_STANDARD = "gnu++14";
				CLANG_CXX_LIBRARY = "libc++";
				CLANG_ENABLE_MODULES = YES;
				CLANG_ENABLE_OBJC_ARC = YES;
				CLANG_ENABLE_OBJC_WEAK = YES;
				CLANG_WARN_BLOCK_CAPTURE_AUTORELEASING = YES;
				CLANG_WARN_BOOL_CONVERSION = YES;
				CLANG_WARN_COMMA = YES;
				CLANG_WARN_CONSTANT_CONVERSION = YES;
				CLANG_WARN_DEPRECATED_OBJC_IMPLEMENTATIONS = YES;
				CLANG_WARN_DIRECT_OBJC_ISA_USAGE = YES_ERROR;
				CLANG_WARN_DOCUMENTATION_COMMENTS = YES;
				CLANG_WARN_EMPTY_BODY = YES;
				CLANG_WARN_ENUM_CONVERSION = YES;
				CLANG_WARN_INFINITE_RECURSION = YES;
				CLANG_WARN_INT_CONVERSION = YES;
				CLANG_WARN_NON_LITERAL_NULL_CONVERSION = YES;
				CLANG_WARN_OBJC_IMPLICIT_RETAIN_SELF = YES;
				CLANG_WARN_OBJC_LITERAL_CONVERSION = YES;
				CLANG_WARN_OBJC_ROOT_CLASS = YES_ERROR;
				CLANG_WARN_QUOTED_INCLUDE_IN_FRAMEWORK_HEADER = YES;
				CLANG_WARN_RANGE_LOOP_ANALYSIS = YES;
				CLANG_WARN_STRICT_PROTOTYPES = YES;
				CLANG_WARN_SUSPICIOUS_MOVE = YES;
				CLANG_WARN_UNGUARDED_AVAILABILITY = YES_AGGRESSIVE;
				CLANG_WARN_UNREACHABLE_CODE = YES;
				CLANG_WARN__DUPLICATE_METHOD_MATCH = YES;
				COPY_PHASE_STRIP = NO;
				DEBUG_INFORMATION_FORMAT = dwarf;
				ENABLE_STRICT_OBJC_MSGSEND = YES;
				ENABLE_TESTABILITY = YES;
				GCC_C_LANGUAGE_STANDARD = gnu11;
				GCC_DYNAMIC_NO_PIC = NO;
				GCC_NO_COMMON_BLOCKS = YES;
				GCC_OPTIMIZATION_LEVEL = 0;
				GCC_PREPROCESSOR_DEFINITIONS = (
					"DEBUG=1",
					"$(inherited)",
				);
				GCC_WARN_64_TO_32_BIT_CONVERSION = YES;
				GCC_WARN_ABOUT_RETURN_TYPE = YES_ERROR;
				GCC_WARN_UNDECLARED_SELECTOR = YES;
				GCC_WARN_UNINITIALIZED_AUTOS = YES_AGGRESSIVE;
				GCC_WARN_UNUSED_FUNCTION = YES;
				GCC_WARN_UNUSED_VARIABLE = YES;
				IPHONEOS_DEPLOYMENT_TARGET = 14.5;
				MTL_ENABLE_DEBUG_INFO = INCLUDE_SOURCE;
				MTL_FAST_MATH = YES;
				ONLY_ACTIVE_ARCH = YES;
				SDKROOT = iphoneos;
				SWIFT_ACTIVE_COMPILATION_CONDITIONS = DEBUG;
				SWIFT_OPTIMIZATION_LEVEL = "-Onone";
			};
			name = Debug;
		};
		BDF6B82B268933C80034D274 /* Release */ = {
			isa = XCBuildConfiguration;
			buildSettings = {
				ALWAYS_SEARCH_USER_PATHS = NO;
				CLANG_ANALYZER_NONNULL = YES;
				CLANG_ANALYZER_NUMBER_OBJECT_CONVERSION = YES_AGGRESSIVE;
				CLANG_CXX_LANGUAGE_STANDARD = "gnu++14";
				CLANG_CXX_LIBRARY = "libc++";
				CLANG_ENABLE_MODULES = YES;
				CLANG_ENABLE_OBJC_ARC = YES;
				CLANG_ENABLE_OBJC_WEAK = YES;
				CLANG_WARN_BLOCK_CAPTURE_AUTORELEASING = YES;
				CLANG_WARN_BOOL_CONVERSION = YES;
				CLANG_WARN_COMMA = YES;
				CLANG_WARN_CONSTANT_CONVERSION = YES;
				CLANG_WARN_DEPRECATED_OBJC_IMPLEMENTATIONS = YES;
				CLANG_WARN_DIRECT_OBJC_ISA_USAGE = YES_ERROR;
				CLANG_WARN_DOCUMENTATION_COMMENTS = YES;
				CLANG_WARN_EMPTY_BODY = YES;
				CLANG_WARN_ENUM_CONVERSION = YES;
				CLANG_WARN_INFINITE_RECURSION = YES;
				CLANG_WARN_INT_CONVERSION = YES;
				CLANG_WARN_NON_LITERAL_NULL_CONVERSION = YES;
				CLANG_WARN_OBJC_IMPLICIT_RETAIN_SELF = YES;
				CLANG_WARN_OBJC_LITERAL_CONVERSION = YES;
				CLANG_WARN_OBJC_ROOT_CLASS = YES_ERROR;
				CLANG_WARN_QUOTED_INCLUDE_IN_FRAMEWORK_HEADER = YES;
				CLANG_WARN_RANGE_LOOP_ANALYSIS = YES;
				CLANG_WARN_STRICT_PROTOTYPES = YES;
				CLANG_WARN_SUSPICIOUS_MOVE = YES;
				CLANG_WARN_UNGUARDED_AVAILABILITY = YES_AGGRESSIVE;
				CLANG_WARN_UNREACHABLE_CODE = YES;
				CLANG_WARN__DUPLICATE_METHOD_MATCH = YES;
				COPY_PHASE_STRIP = NO;
				DEBUG_INFORMATION_FORMAT = "dwarf-with-dsym";
				ENABLE_NS_ASSERTIONS = NO;
				ENABLE_STRICT_OBJC_MSGSEND = YES;
				GCC_C_LANGUAGE_STANDARD = gnu11;
				GCC_NO_COMMON_BLOCKS = YES;
				GCC_WARN_64_TO_32_BIT_CONVERSION = YES;
				GCC_WARN_ABOUT_RETURN_TYPE = YES_ERROR;
				GCC_WARN_UNDECLARED_SELECTOR = YES;
				GCC_WARN_UNINITIALIZED_AUTOS = YES_AGGRESSIVE;
				GCC_WARN_UNUSED_FUNCTION = YES;
				GCC_WARN_UNUSED_VARIABLE = YES;
				IPHONEOS_DEPLOYMENT_TARGET = 14.5;
				MTL_ENABLE_DEBUG_INFO = NO;
				MTL_FAST_MATH = YES;
				SDKROOT = iphoneos;
				SWIFT_COMPILATION_MODE = wholemodule;
				SWIFT_OPTIMIZATION_LEVEL = "-O";
				VALIDATE_PRODUCT = YES;
			};
			name = Release;
		};
		BDF6B82D268933C80034D274 /* Debug */ = {
			isa = XCBuildConfiguration;
			baseConfigurationReference = 8D742E0EAA0C8553F37F80AE /* Pods-VotingApp.debug.xcconfig */;
			buildSettings = {
				ASSETCATALOG_COMPILER_APPICON_NAME = AppIcon;
				ASSETCATALOG_COMPILER_GLOBAL_ACCENT_COLOR_NAME = AccentColor;
				CODE_SIGN_STYLE = Automatic;
				INFOPLIST_FILE = VotingApp/Info.plist;
				LD_RUNPATH_SEARCH_PATHS = (
					"$(inherited)",
					"@executable_path/Frameworks",
				);
				PRODUCT_BUNDLE_IDENTIFIER = GoVote.VotingApp;
				PRODUCT_NAME = "$(TARGET_NAME)";
				SWIFT_VERSION = 5.0;
				TARGETED_DEVICE_FAMILY = "1,2";
			};
			name = Debug;
		};
		BDF6B82E268933C80034D274 /* Release */ = {
			isa = XCBuildConfiguration;
			baseConfigurationReference = 10A483D33C37249CAD1B53F9 /* Pods-VotingApp.release.xcconfig */;
			buildSettings = {
				ASSETCATALOG_COMPILER_APPICON_NAME = AppIcon;
				ASSETCATALOG_COMPILER_GLOBAL_ACCENT_COLOR_NAME = AccentColor;
				CODE_SIGN_STYLE = Automatic;
				INFOPLIST_FILE = VotingApp/Info.plist;
				LD_RUNPATH_SEARCH_PATHS = (
					"$(inherited)",
					"@executable_path/Frameworks",
				);
				PRODUCT_BUNDLE_IDENTIFIER = GoVote.VotingApp;
				PRODUCT_NAME = "$(TARGET_NAME)";
				SWIFT_VERSION = 5.0;
				TARGETED_DEVICE_FAMILY = "1,2";
			};
			name = Release;
		};
/* End XCBuildConfiguration section */

/* Begin XCConfigurationList section */
		BDF6B813268933C60034D274 /* Build configuration list for PBXProject "VotingApp" */ = {
			isa = XCConfigurationList;
			buildConfigurations = (
				BDF6B82A268933C80034D274 /* Debug */,
				BDF6B82B268933C80034D274 /* Release */,
			);
			defaultConfigurationIsVisible = 0;
			defaultConfigurationName = Release;
		};
		BDF6B82C268933C80034D274 /* Build configuration list for PBXNativeTarget "VotingApp" */ = {
			isa = XCConfigurationList;
			buildConfigurations = (
				BDF6B82D268933C80034D274 /* Debug */,
				BDF6B82E268933C80034D274 /* Release */,
			);
			defaultConfigurationIsVisible = 0;
			defaultConfigurationName = Release;
		};
/* End XCConfigurationList section */
	};
	rootObject = BDF6B810268933C60034D274 /* Project object */;
}
